
Microsoft Visual Studio Solution File, Format Version 12.00
# Visual Studio Version 16
VisualStudioVersion = 16.0.29215.179
MinimumVisualStudioVersion = 10.0.40219.1
Project("{FAE04EC0-301F-11D3-BF4B-00C04F79EFBC}") = "udemy_secao11_aula142", "udemy_secao11_aula142.csproj", "{687465B2-C512-496B-95DD-901A6EE18A92}"
EndProject
Global
	GlobalSection(SolutionConfigurationPlatforms) = preSolution
		Debug|Any CPU = Debug|Any CPU
		Release|Any CPU = Release|Any CPU
	EndGlobalSection
	GlobalSection(ProjectConfigurationPlatforms) = postSolution
		{687465B2-C512-496B-95DD-901A6EE18A92}.Debug|Any CPU.ActiveCfg = Debug|Any CPU
		{687465B2-C512-496B-95DD-901A6EE18A92}.Debug|Any CPU.Build.0 = Debug|Any CPU
		{687465B2-C512-496B-95DD-901A6EE18A92}.Release|Any CPU.ActiveCfg = Release|Any CPU
		{687465B2-C512-496B-95DD-901A6EE18A92}.Release|Any CPU.Build.0 = Release|Any CPU
	EndGlobalSection
	GlobalSection(SolutionProperties) = preSolution
		HideSolutionNode = FALSE
	EndGlobalSection
	GlobalSection(ExtensibilityGlobals) = postSolution
		SolutionGuid = {F5C4C630-C4D2-4238-9F70-14DFBD42DEAF}
	EndGlobalSection
EndGlobal
