
Microsoft Visual Studio Solution File, Format Version 12.00
# Visual Studio Version 16
VisualStudioVersion = 16.0.29215.179
MinimumVisualStudioVersion = 10.0.40219.1
Project("{FAE04EC0-301F-11D3-BF4B-00C04F79EFBC}") = "udemy_secao6_aula78", "udemy_secao6_aula78.csproj", "{EEC7BCF6-3C2C-4A4F-B5E8-4C7A5D89EE93}"
EndProject
Global
	GlobalSection(SolutionConfigurationPlatforms) = preSolution
		Debug|Any CPU = Debug|Any CPU
		Release|Any CPU = Release|Any CPU
	EndGlobalSection
	GlobalSection(ProjectConfigurationPlatforms) = postSolution
		{EEC7BCF6-3C2C-4A4F-B5E8-4C7A5D89EE93}.Debug|Any CPU.ActiveCfg = Debug|Any CPU
		{EEC7BCF6-3C2C-4A4F-B5E8-4C7A5D89EE93}.Debug|Any CPU.Build.0 = Debug|Any CPU
		{EEC7BCF6-3C2C-4A4F-B5E8-4C7A5D89EE93}.Release|Any CPU.ActiveCfg = Release|Any CPU
		{EEC7BCF6-3C2C-4A4F-B5E8-4C7A5D89EE93}.Release|Any CPU.Build.0 = Release|Any CPU
	EndGlobalSection
	GlobalSection(SolutionProperties) = preSolution
		HideSolutionNode = FALSE
	EndGlobalSection
	GlobalSection(ExtensibilityGlobals) = postSolution
		SolutionGuid = {92A05CDE-D1C0-4B96-B7CB-91F82D8152B7}
	EndGlobalSection
EndGlobal
