
Microsoft Visual Studio Solution File, Format Version 12.00
# Visual Studio Version 16
VisualStudioVersion = 16.0.29215.179
MinimumVisualStudioVersion = 10.0.40219.1
Project("{FAE04EC0-301F-11D3-BF4B-00C04F79EFBC}") = "udemy_secao6_aula68", "udemy_secao6_aula68.csproj", "{BC90AC83-7A4E-4776-BE24-655A7CC8E5C3}"
EndProject
Global
	GlobalSection(SolutionConfigurationPlatforms) = preSolution
		Debug|Any CPU = Debug|Any CPU
		Release|Any CPU = Release|Any CPU
	EndGlobalSection
	GlobalSection(ProjectConfigurationPlatforms) = postSolution
		{BC90AC83-7A4E-4776-BE24-655A7CC8E5C3}.Debug|Any CPU.ActiveCfg = Debug|Any CPU
		{BC90AC83-7A4E-4776-BE24-655A7CC8E5C3}.Debug|Any CPU.Build.0 = Debug|Any CPU
		{BC90AC83-7A4E-4776-BE24-655A7CC8E5C3}.Release|Any CPU.ActiveCfg = Release|Any CPU
		{BC90AC83-7A4E-4776-BE24-655A7CC8E5C3}.Release|Any CPU.Build.0 = Release|Any CPU
	EndGlobalSection
	GlobalSection(SolutionProperties) = preSolution
		HideSolutionNode = FALSE
	EndGlobalSection
	GlobalSection(ExtensibilityGlobals) = postSolution
		SolutionGuid = {10904A0B-2002-466B-BC94-0F53271AF0FC}
	EndGlobalSection
EndGlobal
