
Microsoft Visual Studio Solution File, Format Version 12.00
# Visual Studio Version 16
VisualStudioVersion = 16.0.29215.179
MinimumVisualStudioVersion = 10.0.40219.1
Project("{FAE04EC0-301F-11D3-BF4B-00C04F79EFBC}") = "udemy_secao6_aula75", "udemy_secao6_aula75.csproj", "{BFFE02F6-1BCB-4398-8229-389BE321BDF4}"
EndProject
Global
	GlobalSection(SolutionConfigurationPlatforms) = preSolution
		Debug|Any CPU = Debug|Any CPU
		Release|Any CPU = Release|Any CPU
	EndGlobalSection
	GlobalSection(ProjectConfigurationPlatforms) = postSolution
		{BFFE02F6-1BCB-4398-8229-389BE321BDF4}.Debug|Any CPU.ActiveCfg = Debug|Any CPU
		{BFFE02F6-1BCB-4398-8229-389BE321BDF4}.Debug|Any CPU.Build.0 = Debug|Any CPU
		{BFFE02F6-1BCB-4398-8229-389BE321BDF4}.Release|Any CPU.ActiveCfg = Release|Any CPU
		{BFFE02F6-1BCB-4398-8229-389BE321BDF4}.Release|Any CPU.Build.0 = Release|Any CPU
	EndGlobalSection
	GlobalSection(SolutionProperties) = preSolution
		HideSolutionNode = FALSE
	EndGlobalSection
	GlobalSection(ExtensibilityGlobals) = postSolution
		SolutionGuid = {65C05824-4882-43C4-AC4B-626E29EA4FE8}
	EndGlobalSection
EndGlobal
